
Microsoft Visual Studio Solution File, Format Version 12.00
# Visual Studio Version 17
VisualStudioVersion = 17.9.34728.123
MinimumVisualStudioVersion = 10.0.40219.1
Project("{FAE04EC0-301F-11D3-BF4B-00C04F79EFBC}") = "GingaGame-MonoGame", "GingaGame-MonoGame\GingaGame-MonoGame.csproj", "{2F1E2C11-B54A-4516-A1A1-235588C95256}"
EndProject
Global
	GlobalSection(SolutionConfigurationPlatforms) = preSolution
		Debug|Any CPU = Debug|Any CPU
		Release|Any CPU = Release|Any CPU
	EndGlobalSection
	GlobalSection(ProjectConfigurationPlatforms) = postSolution
		{2F1E2C11-B54A-4516-A1A1-235588C95256}.Debug|Any CPU.ActiveCfg = Debug|Any CPU
		{2F1E2C11-B54A-4516-A1A1-235588C95256}.Debug|Any CPU.Build.0 = Debug|Any CPU
		{2F1E2C11-B54A-4516-A1A1-235588C95256}.Release|Any CPU.ActiveCfg = Release|Any CPU
		{2F1E2C11-B54A-4516-A1A1-235588C95256}.Release|Any CPU.Build.0 = Release|Any CPU
	EndGlobalSection
	GlobalSection(SolutionProperties) = preSolution
		HideSolutionNode = FALSE
	EndGlobalSection
	GlobalSection(ExtensibilityGlobals) = postSolution
		SolutionGuid = {523E9A8E-0EA5-4F36-B563-9311AF1ECE3A}
	EndGlobalSection
EndGlobal
